// !$*UTF8*$!
{
	archiveVersion = 1;
	classes = {
	};
	objectVersion = 55;
	objects = {

/* Begin PBXBuildFile section */
		7360B573286A49CD00AF9CC8 /* AppDelegate.m in Sources */ = {isa = PBXBuildFile; fileRef = 7360B572286A49CD00AF9CC8 /* AppDelegate.m */; };
		7360B576286A49CD00AF9CC8 /* SceneDelegate.m in Sources */ = {isa = PBXBuildFile; fileRef = 7360B575286A49CD00AF9CC8 /* SceneDelegate.m */; };
		7360B579286A49CD00AF9CC8 /* ViewController.m in Sources */ = {isa = PBXBuildFile; fileRef = 7360B578286A49CD00AF9CC8 /* ViewController.m */; };
		7360B57C286A49CD00AF9CC8 /* Main.storyboard in Resources */ = {isa = PBXBuildFile; fileRef = 7360B57A286A49CD00AF9CC8 /* Main.storyboard */; };
		7360B57E286A49CF00AF9CC8 /* Assets.xcassets in Resources */ = {isa = PBXBuildFile; fileRef = 7360B57D286A49CF00AF9CC8 /* Assets.xcassets */; };
		7360B581286A49CF00AF9CC8 /* LaunchScreen.storyboard in Resources */ = {isa = PBXBuildFile; fileRef = 7360B57F286A49CF00AF9CC8 /* LaunchScreen.storyboard */; };
		7360B584286A49CF00AF9CC8 /* main.m in Sources */ = {isa = PBXBuildFile; fileRef = 7360B583286A49CF00AF9CC8 /* main.m */; };
		7360B58E286A49D000AF9CC8 /* InstagramTests.m in Sources */ = {isa = PBXBuildFile; fileRef = 7360B58D286A49D000AF9CC8 /* InstagramTests.m */; };
		7360B598286A49D000AF9CC8 /* InstagramUITests.m in Sources */ = {isa = PBXBuildFile; fileRef = 7360B597286A49D000AF9CC8 /* InstagramUITests.m */; };
		7360B59A286A49D000AF9CC8 /* InstagramUITestsLaunchTests.m in Sources */ = {isa = PBXBuildFile; fileRef = 7360B599286A49D000AF9CC8 /* InstagramUITestsLaunchTests.m */; };
		7A363AE11AF64D262B859810 /* Pods_Instagram_InstagramUITests.framework in Frameworks */ = {isa = PBXBuildFile; fileRef = C6817F65A61FD0B4441FE191 /* Pods_Instagram_InstagramUITests.framework */; };
		80857F225896989638E226E5 /* Pods_InstagramTests.framework in Frameworks */ = {isa = PBXBuildFile; fileRef = 3F7565B3A02E6C0A799F24D3 /* Pods_InstagramTests.framework */; };
		F3E29880A1FA29B8FE25343C /* Pods_Instagram.framework in Frameworks */ = {isa = PBXBuildFile; fileRef = 189E6298FAE26F4AC0056E19 /* Pods_Instagram.framework */; };
/* End PBXBuildFile section */

/* Begin PBXContainerItemProxy section */
		7360B58A286A49D000AF9CC8 /* PBXContainerItemProxy */ = {
			isa = PBXContainerItemProxy;
			containerPortal = 7360B566286A49CD00AF9CC8 /* Project object */;
			proxyType = 1;
			remoteGlobalIDString = 7360B56D286A49CD00AF9CC8;
			remoteInfo = Instagram;
		};
		7360B594286A49D000AF9CC8 /* PBXContainerItemProxy */ = {
			isa = PBXContainerItemProxy;
			containerPortal = 7360B566286A49CD00AF9CC8 /* Project object */;
			proxyType = 1;
			remoteGlobalIDString = 7360B56D286A49CD00AF9CC8;
			remoteInfo = Instagram;
		};
/* End PBXContainerItemProxy section */

/* Begin PBXFileReference section */
		189E6298FAE26F4AC0056E19 /* Pods_Instagram.framework */ = {isa = PBXFileReference; explicitFileType = wrapper.framework; includeInIndex = 0; path = Pods_Instagram.framework; sourceTree = BUILT_PRODUCTS_DIR; };
		3F7565B3A02E6C0A799F24D3 /* Pods_InstagramTests.framework */ = {isa = PBXFileReference; explicitFileType = wrapper.framework; includeInIndex = 0; path = Pods_InstagramTests.framework; sourceTree = BUILT_PRODUCTS_DIR; };
		7360B56E286A49CD00AF9CC8 /* Instagram.app */ = {isa = PBXFileReference; explicitFileType = wrapper.application; includeInIndex = 0; path = Instagram.app; sourceTree = BUILT_PRODUCTS_DIR; };
		7360B571286A49CD00AF9CC8 /* AppDelegate.h */ = {isa = PBXFileReference; lastKnownFileType = sourcecode.c.h; path = AppDelegate.h; sourceTree = "<group>"; };
		7360B572286A49CD00AF9CC8 /* AppDelegate.m */ = {isa = PBXFileReference; lastKnownFileType = sourcecode.c.objc; path = AppDelegate.m; sourceTree = "<group>"; };
		7360B574286A49CD00AF9CC8 /* SceneDelegate.h */ = {isa = PBXFileReference; lastKnownFileType = sourcecode.c.h; path = SceneDelegate.h; sourceTree = "<group>"; };
		7360B575286A49CD00AF9CC8 /* SceneDelegate.m */ = {isa = PBXFileReference; lastKnownFileType = sourcecode.c.objc; path = SceneDelegate.m; sourceTree = "<group>"; };
		7360B577286A49CD00AF9CC8 /* ViewController.h */ = {isa = PBXFileReference; lastKnownFileType = sourcecode.c.h; path = ViewController.h; sourceTree = "<group>"; };
		7360B578286A49CD00AF9CC8 /* ViewController.m */ = {isa = PBXFileReference; lastKnownFileType = sourcecode.c.objc; path = ViewController.m; sourceTree = "<group>"; };
		7360B57B286A49CD00AF9CC8 /* Base */ = {isa = PBXFileReference; lastKnownFileType = file.storyboard; name = Base; path = Base.lproj/Main.storyboard; sourceTree = "<group>"; };
		7360B57D286A49CF00AF9CC8 /* Assets.xcassets */ = {isa = PBXFileReference; lastKnownFileType = folder.assetcatalog; path = Assets.xcassets; sourceTree = "<group>"; };
		7360B580286A49CF00AF9CC8 /* Base */ = {isa = PBXFileReference; lastKnownFileType = file.storyboard; name = Base; path = Base.lproj/LaunchScreen.storyboard; sourceTree = "<group>"; };
		7360B582286A49CF00AF9CC8 /* Info.plist */ = {isa = PBXFileReference; lastKnownFileType = text.plist.xml; path = Info.plist; sourceTree = "<group>"; };
		7360B583286A49CF00AF9CC8 /* main.m */ = {isa = PBXFileReference; lastKnownFileType = sourcecode.c.objc; path = main.m; sourceTree = "<group>"; };
		7360B589286A49D000AF9CC8 /* InstagramTests.xctest */ = {isa = PBXFileReference; explicitFileType = wrapper.cfbundle; includeInIndex = 0; path = InstagramTests.xctest; sourceTree = BUILT_PRODUCTS_DIR; };
		7360B58D286A49D000AF9CC8 /* InstagramTests.m */ = {isa = PBXFileReference; lastKnownFileType = sourcecode.c.objc; path = InstagramTests.m; sourceTree = "<group>"; };
		7360B593286A49D000AF9CC8 /* InstagramUITests.xctest */ = {isa = PBXFileReference; explicitFileType = wrapper.cfbundle; includeInIndex = 0; path = InstagramUITests.xctest; sourceTree = BUILT_PRODUCTS_DIR; };
		7360B597286A49D000AF9CC8 /* InstagramUITests.m */ = {isa = PBXFileReference; lastKnownFileType = sourcecode.c.objc; path = InstagramUITests.m; sourceTree = "<group>"; };
		7360B599286A49D000AF9CC8 /* InstagramUITestsLaunchTests.m */ = {isa = PBXFileReference; lastKnownFileType = sourcecode.c.objc; path = InstagramUITestsLaunchTests.m; sourceTree = "<group>"; };
		760E90BC72C158319B85E6F0 /* Pods-InstagramTests.debug.xcconfig */ = {isa = PBXFileReference; includeInIndex = 1; lastKnownFileType = text.xcconfig; name = "Pods-InstagramTests.debug.xcconfig"; path = "Target Support Files/Pods-InstagramTests/Pods-InstagramTests.debug.xcconfig"; sourceTree = "<group>"; };
		7B019C900B3D0870BF7B43B2 /* Pods-Instagram.release.xcconfig */ = {isa = PBXFileReference; includeInIndex = 1; lastKnownFileType = text.xcconfig; name = "Pods-Instagram.release.xcconfig"; path = "Target Support Files/Pods-Instagram/Pods-Instagram.release.xcconfig"; sourceTree = "<group>"; };
		805B613BE9BC0460397D26FE /* Pods-Instagram.debug.xcconfig */ = {isa = PBXFileReference; includeInIndex = 1; lastKnownFileType = text.xcconfig; name = "Pods-Instagram.debug.xcconfig"; path = "Target Support Files/Pods-Instagram/Pods-Instagram.debug.xcconfig"; sourceTree = "<group>"; };
		9048F903EAB4A9890EB147A4 /* Pods-Instagram-InstagramUITests.release.xcconfig */ = {isa = PBXFileReference; includeInIndex = 1; lastKnownFileType = text.xcconfig; name = "Pods-Instagram-InstagramUITests.release.xcconfig"; path = "Target Support Files/Pods-Instagram-InstagramUITests/Pods-Instagram-InstagramUITests.release.xcconfig"; sourceTree = "<group>"; };
		C6817F65A61FD0B4441FE191 /* Pods_Instagram_InstagramUITests.framework */ = {isa = PBXFileReference; explicitFileType = wrapper.framework; includeInIndex = 0; path = Pods_Instagram_InstagramUITests.framework; sourceTree = BUILT_PRODUCTS_DIR; };
		F87F47DF85F3EF63F62CEB42 /* Pods-Instagram-InstagramUITests.debug.xcconfig */ = {isa = PBXFileReference; includeInIndex = 1; lastKnownFileType = text.xcconfig; name = "Pods-Instagram-InstagramUITests.debug.xcconfig"; path = "Target Support Files/Pods-Instagram-InstagramUITests/Pods-Instagram-InstagramUITests.debug.xcconfig"; sourceTree = "<group>"; };
		FF7B9B0DC95AAA3621ADE936 /* Pods-InstagramTests.release.xcconfig */ = {isa = PBXFileReference; includeInIndex = 1; lastKnownFileType = text.xcconfig; name = "Pods-InstagramTests.release.xcconfig"; path = "Target Support Files/Pods-InstagramTests/Pods-InstagramTests.release.xcconfig"; sourceTree = "<group>"; };
/* End PBXFileReference section */

/* Begin PBXFrameworksBuildPhase section */
		7360B56B286A49CD00AF9CC8 /* Frameworks */ = {
			isa = PBXFrameworksBuildPhase;
			buildActionMask = 2147483647;
			files = (
				F3E29880A1FA29B8FE25343C /* Pods_Instagram.framework in Frameworks */,
			);
			runOnlyForDeploymentPostprocessing = 0;
		};
		7360B586286A49D000AF9CC8 /* Frameworks */ = {
			isa = PBXFrameworksBuildPhase;
			buildActionMask = 2147483647;
			files = (
				80857F225896989638E226E5 /* Pods_InstagramTests.framework in Frameworks */,
			);
			runOnlyForDeploymentPostprocessing = 0;
		};
		7360B590286A49D000AF9CC8 /* Frameworks */ = {
			isa = PBXFrameworksBuildPhase;
			buildActionMask = 2147483647;
			files = (
				7A363AE11AF64D262B859810 /* Pods_Instagram_InstagramUITests.framework in Frameworks */,
			);
			runOnlyForDeploymentPostprocessing = 0;
		};
/* End PBXFrameworksBuildPhase section */

/* Begin PBXGroup section */
		048207E8A07E5B002122D4B1 /* Pods */ = {
			isa = PBXGroup;
			children = (
				805B613BE9BC0460397D26FE /* Pods-Instagram.debug.xcconfig */,
				7B019C900B3D0870BF7B43B2 /* Pods-Instagram.release.xcconfig */,
				F87F47DF85F3EF63F62CEB42 /* Pods-Instagram-InstagramUITests.debug.xcconfig */,
				9048F903EAB4A9890EB147A4 /* Pods-Instagram-InstagramUITests.release.xcconfig */,
				760E90BC72C158319B85E6F0 /* Pods-InstagramTests.debug.xcconfig */,
				FF7B9B0DC95AAA3621ADE936 /* Pods-InstagramTests.release.xcconfig */,
			);
			name = Pods;
			path = Pods;
			sourceTree = "<group>";
		};
		7360B565286A49CD00AF9CC8 = {
			isa = PBXGroup;
			children = (
				7360B570286A49CD00AF9CC8 /* Instagram */,
				7360B58C286A49D000AF9CC8 /* InstagramTests */,
				7360B596286A49D000AF9CC8 /* InstagramUITests */,
				7360B56F286A49CD00AF9CC8 /* Products */,
				048207E8A07E5B002122D4B1 /* Pods */,
				F9DD3090F4B051AD5369A79E /* Frameworks */,
			);
			sourceTree = "<group>";
		};
		7360B56F286A49CD00AF9CC8 /* Products */ = {
			isa = PBXGroup;
			children = (
				7360B56E286A49CD00AF9CC8 /* Instagram.app */,
				7360B589286A49D000AF9CC8 /* InstagramTests.xctest */,
				7360B593286A49D000AF9CC8 /* InstagramUITests.xctest */,
			);
			name = Products;
			sourceTree = "<group>";
		};
		7360B570286A49CD00AF9CC8 /* Instagram */ = {
			isa = PBXGroup;
			children = (
				7360B571286A49CD00AF9CC8 /* AppDelegate.h */,
				7360B572286A49CD00AF9CC8 /* AppDelegate.m */,
				7360B574286A49CD00AF9CC8 /* SceneDelegate.h */,
				7360B575286A49CD00AF9CC8 /* SceneDelegate.m */,
				7360B577286A49CD00AF9CC8 /* ViewController.h */,
				7360B578286A49CD00AF9CC8 /* ViewController.m */,
				7360B57A286A49CD00AF9CC8 /* Main.storyboard */,
				7360B57D286A49CF00AF9CC8 /* Assets.xcassets */,
				7360B57F286A49CF00AF9CC8 /* LaunchScreen.storyboard */,
				7360B582286A49CF00AF9CC8 /* Info.plist */,
				7360B583286A49CF00AF9CC8 /* main.m */,
			);
			path = Instagram;
			sourceTree = "<group>";
		};
		7360B58C286A49D000AF9CC8 /* InstagramTests */ = {
			isa = PBXGroup;
			children = (
				7360B58D286A49D000AF9CC8 /* InstagramTests.m */,
			);
			path = InstagramTests;
			sourceTree = "<group>";
		};
		7360B596286A49D000AF9CC8 /* InstagramUITests */ = {
			isa = PBXGroup;
			children = (
				7360B597286A49D000AF9CC8 /* InstagramUITests.m */,
				7360B599286A49D000AF9CC8 /* InstagramUITestsLaunchTests.m */,
			);
			path = InstagramUITests;
			sourceTree = "<group>";
		};
		F9DD3090F4B051AD5369A79E /* Frameworks */ = {
			isa = PBXGroup;
			children = (
				189E6298FAE26F4AC0056E19 /* Pods_Instagram.framework */,
				C6817F65A61FD0B4441FE191 /* Pods_Instagram_InstagramUITests.framework */,
				3F7565B3A02E6C0A799F24D3 /* Pods_InstagramTests.framework */,
			);
			name = Frameworks;
			sourceTree = "<group>";
		};
/* End PBXGroup section */

/* Begin PBXNativeTarget section */
		7360B56D286A49CD00AF9CC8 /* Instagram */ = {
			isa = PBXNativeTarget;
			buildConfigurationList = 7360B59D286A49D000AF9CC8 /* Build configuration list for PBXNativeTarget "Instagram" */;
			buildPhases = (
				484BF5BCE12698490C0ED536 /* [CP] Check Pods Manifest.lock */,
				7360B56A286A49CD00AF9CC8 /* Sources */,
				7360B56B286A49CD00AF9CC8 /* Frameworks */,
				7360B56C286A49CD00AF9CC8 /* Resources */,
				5C823EEEEF257F8B5E2B08A4 /* [CP] Embed Pods Frameworks */,
			);
			buildRules = (
			);
			dependencies = (
			);
			name = Instagram;
			productName = Instagram;
			productReference = 7360B56E286A49CD00AF9CC8 /* Instagram.app */;
			productType = "com.apple.product-type.application";
		};
		7360B588286A49D000AF9CC8 /* InstagramTests */ = {
			isa = PBXNativeTarget;
			buildConfigurationList = 7360B5A0286A49D000AF9CC8 /* Build configuration list for PBXNativeTarget "InstagramTests" */;
			buildPhases = (
				B0094E31D9DD60759595EE39 /* [CP] Check Pods Manifest.lock */,
				7360B585286A49D000AF9CC8 /* Sources */,
				7360B586286A49D000AF9CC8 /* Frameworks */,
				7360B587286A49D000AF9CC8 /* Resources */,
			);
			buildRules = (
			);
			dependencies = (
				7360B58B286A49D000AF9CC8 /* PBXTargetDependency */,
			);
			name = InstagramTests;
			productName = InstagramTests;
			productReference = 7360B589286A49D000AF9CC8 /* InstagramTests.xctest */;
			productType = "com.apple.product-type.bundle.unit-test";
		};
		7360B592286A49D000AF9CC8 /* InstagramUITests */ = {
			isa = PBXNativeTarget;
			buildConfigurationList = 7360B5A3286A49D000AF9CC8 /* Build configuration list for PBXNativeTarget "InstagramUITests" */;
			buildPhases = (
				D9E1FC4B5A54A597466AD3B7 /* [CP] Check Pods Manifest.lock */,
				7360B58F286A49D000AF9CC8 /* Sources */,
				7360B590286A49D000AF9CC8 /* Frameworks */,
				7360B591286A49D000AF9CC8 /* Resources */,
				1A4C7B94C215115F9596456B /* [CP] Embed Pods Frameworks */,
			);
			buildRules = (
			);
			dependencies = (
				7360B595286A49D000AF9CC8 /* PBXTargetDependency */,
			);
			name = InstagramUITests;
			productName = InstagramUITests;
			productReference = 7360B593286A49D000AF9CC8 /* InstagramUITests.xctest */;
			productType = "com.apple.product-type.bundle.ui-testing";
		};
/* End PBXNativeTarget section */

/* Begin PBXProject section */
		7360B566286A49CD00AF9CC8 /* Project object */ = {
			isa = PBXProject;
			attributes = {
				BuildIndependentTargetsInParallel = 1;
				LastUpgradeCheck = 1340;
				TargetAttributes = {
					7360B56D286A49CD00AF9CC8 = {
						CreatedOnToolsVersion = 13.4;
					};
					7360B588286A49D000AF9CC8 = {
						CreatedOnToolsVersion = 13.4;
						TestTargetID = 7360B56D286A49CD00AF9CC8;
					};
					7360B592286A49D000AF9CC8 = {
						CreatedOnToolsVersion = 13.4;
						TestTargetID = 7360B56D286A49CD00AF9CC8;
					};
				};
			};
			buildConfigurationList = 7360B569286A49CD00AF9CC8 /* Build configuration list for PBXProject "Instagram" */;
			compatibilityVersion = "Xcode 13.0";
			developmentRegion = en;
			hasScannedForEncodings = 0;
			knownRegions = (
				en,
				Base,
			);
			mainGroup = 7360B565286A49CD00AF9CC8;
			productRefGroup = 7360B56F286A49CD00AF9CC8 /* Products */;
			projectDirPath = "";
			projectRoot = "";
			targets = (
				7360B56D286A49CD00AF9CC8 /* Instagram */,
				7360B588286A49D000AF9CC8 /* InstagramTests */,
				7360B592286A49D000AF9CC8 /* InstagramUITests */,
			);
		};
/* End PBXProject section */

/* Begin PBXResourcesBuildPhase section */
		7360B56C286A49CD00AF9CC8 /* Resources */ = {
			isa = PBXResourcesBuildPhase;
			buildActionMask = 2147483647;
			files = (
				7360B581286A49CF00AF9CC8 /* LaunchScreen.storyboard in Resources */,
				7360B57E286A49CF00AF9CC8 /* Assets.xcassets in Resources */,
				7360B57C286A49CD00AF9CC8 /* Main.storyboard in Resources */,
			);
			runOnlyForDeploymentPostprocessing = 0;
		};
		7360B587286A49D000AF9CC8 /* Resources */ = {
			isa = PBXResourcesBuildPhase;
			buildActionMask = 2147483647;
			files = (
			);
			runOnlyForDeploymentPostprocessing = 0;
		};
		7360B591286A49D000AF9CC8 /* Resources */ = {
			isa = PBXResourcesBuildPhase;
			buildActionMask = 2147483647;
			files = (
			);
			runOnlyForDeploymentPostprocessing = 0;
		};
/* End PBXResourcesBuildPhase section */

/* Begin PBXShellScriptBuildPhase section */
		1A4C7B94C215115F9596456B /* [CP] Embed Pods Frameworks */ = {
			isa = PBXShellScriptBuildPhase;
			buildActionMask = 2147483647;
			files = (
			);
			inputFileListPaths = (
				"${PODS_ROOT}/Target Support Files/Pods-Instagram-InstagramUITests/Pods-Instagram-InstagramUITests-frameworks-${CONFIGURATION}-input-files.xcfilelist",
			);
			name = "[CP] Embed Pods Frameworks";
			outputFileListPaths = (
				"${PODS_ROOT}/Target Support Files/Pods-Instagram-InstagramUITests/Pods-Instagram-InstagramUITests-frameworks-${CONFIGURATION}-output-files.xcfilelist",
			);
			runOnlyForDeploymentPostprocessing = 0;
			shellPath = /bin/sh;
			shellScript = "\"${PODS_ROOT}/Target Support Files/Pods-Instagram-InstagramUITests/Pods-Instagram-InstagramUITests-frameworks.sh\"\n";
			showEnvVarsInLog = 0;
		};
		484BF5BCE12698490C0ED536 /* [CP] Check Pods Manifest.lock */ = {
			isa = PBXShellScriptBuildPhase;
			buildActionMask = 2147483647;
			files = (
			);
			inputFileListPaths = (
			);
			inputPaths = (
				"${PODS_PODFILE_DIR_PATH}/Podfile.lock",
				"${PODS_ROOT}/Manifest.lock",
			);
			name = "[CP] Check Pods Manifest.lock";
			outputFileListPaths = (
			);
			outputPaths = (
				"$(DERIVED_FILE_DIR)/Pods-Instagram-checkManifestLockResult.txt",
			);
			runOnlyForDeploymentPostprocessing = 0;
			shellPath = /bin/sh;
			shellScript = "diff \"${PODS_PODFILE_DIR_PATH}/Podfile.lock\" \"${PODS_ROOT}/Manifest.lock\" > /dev/null\nif [ $? != 0 ] ; then\n    # print error to STDERR\n    echo \"error: The sandbox is not in sync with the Podfile.lock. Run 'pod install' or update your CocoaPods installation.\" >&2\n    exit 1\nfi\n# This output is used by Xcode 'outputs' to avoid re-running this script phase.\necho \"SUCCESS\" > \"${SCRIPT_OUTPUT_FILE_0}\"\n";
			showEnvVarsInLog = 0;
		};
		5C823EEEEF257F8B5E2B08A4 /* [CP] Embed Pods Frameworks */ = {
			isa = PBXShellScriptBuildPhase;
			buildActionMask = 2147483647;
			files = (
			);
			inputFileListPaths = (
				"${PODS_ROOT}/Target Support Files/Pods-Instagram/Pods-Instagram-frameworks-${CONFIGURATION}-input-files.xcfilelist",
			);
			name = "[CP] Embed Pods Frameworks";
			outputFileListPaths = (
				"${PODS_ROOT}/Target Support Files/Pods-Instagram/Pods-Instagram-frameworks-${CONFIGURATION}-output-files.xcfilelist",
			);
			runOnlyForDeploymentPostprocessing = 0;
			shellPath = /bin/sh;
			shellScript = "\"${PODS_ROOT}/Target Support Files/Pods-Instagram/Pods-Instagram-frameworks.sh\"\n";
			showEnvVarsInLog = 0;
		};
		B0094E31D9DD60759595EE39 /* [CP] Check Pods Manifest.lock */ = {
			isa = PBXShellScriptBuildPhase;
			buildActionMask = 2147483647;
			files = (
			);
			inputFileListPaths = (
			);
			inputPaths = (
				"${PODS_PODFILE_DIR_PATH}/Podfile.lock",
				"${PODS_ROOT}/Manifest.lock",
			);
			name = "[CP] Check Pods Manifest.lock";
			outputFileListPaths = (
			);
			outputPaths = (
				"$(DERIVED_FILE_DIR)/Pods-InstagramTests-checkManifestLockResult.txt",
			);
			runOnlyForDeploymentPostprocessing = 0;
			shellPath = /bin/sh;
			shellScript = "diff \"${PODS_PODFILE_DIR_PATH}/Podfile.lock\" \"${PODS_ROOT}/Manifest.lock\" > /dev/null\nif [ $? != 0 ] ; then\n    # print error to STDERR\n    echo \"error: The sandbox is not in sync with the Podfile.lock. Run 'pod install' or update your CocoaPods installation.\" >&2\n    exit 1\nfi\n# This output is used by Xcode 'outputs' to avoid re-running this script phase.\necho \"SUCCESS\" > \"${SCRIPT_OUTPUT_FILE_0}\"\n";
			showEnvVarsInLog = 0;
		};
		D9E1FC4B5A54A597466AD3B7 /* [CP] Check Pods Manifest.lock */ = {
			isa = PBXShellScriptBuildPhase;
			buildActionMask = 2147483647;
			files = (
			);
			inputFileListPaths = (
			);
			inputPaths = (
				"${PODS_PODFILE_DIR_PATH}/Podfile.lock",
				"${PODS_ROOT}/Manifest.lock",
			);
			name = "[CP] Check Pods Manifest.lock";
			outputFileListPaths = (
			);
			outputPaths = (
				"$(DERIVED_FILE_DIR)/Pods-Instagram-InstagramUITests-checkManifestLockResult.txt",
			);
			runOnlyForDeploymentPostprocessing = 0;
			shellPath = /bin/sh;
			shellScript = "diff \"${PODS_PODFILE_DIR_PATH}/Podfile.lock\" \"${PODS_ROOT}/Manifest.lock\" > /dev/null\nif [ $? != 0 ] ; then\n    # print error to STDERR\n    echo \"error: The sandbox is not in sync with the Podfile.lock. Run 'pod install' or update your CocoaPods installation.\" >&2\n    exit 1\nfi\n# This output is used by Xcode 'outputs' to avoid re-running this script phase.\necho \"SUCCESS\" > \"${SCRIPT_OUTPUT_FILE_0}\"\n";
			showEnvVarsInLog = 0;
		};
/* End PBXShellScriptBuildPhase section */

/* Begin PBXSourcesBuildPhase section */
		7360B56A286A49CD00AF9CC8 /* Sources */ = {
			isa = PBXSourcesBuildPhase;
			buildActionMask = 2147483647;
			files = (
				7360B579286A49CD00AF9CC8 /* ViewController.m in Sources */,
				7360B573286A49CD00AF9CC8 /* AppDelegate.m in Sources */,
				7360B584286A49CF00AF9CC8 /* main.m in Sources */,
				7360B576286A49CD00AF9CC8 /* SceneDelegate.m in Sources */,
			);
			runOnlyForDeploymentPostprocessing = 0;
		};
		7360B585286A49D000AF9CC8 /* Sources */ = {
			isa = PBXSourcesBuildPhase;
			buildActionMask = 2147483647;
			files = (
				7360B58E286A49D000AF9CC8 /* InstagramTests.m in Sources */,
			);
			runOnlyForDeploymentPostprocessing = 0;
		};
		7360B58F286A49D000AF9CC8 /* Sources */ = {
			isa = PBXSourcesBuildPhase;
			buildActionMask = 2147483647;
			files = (
				7360B598286A49D000AF9CC8 /* InstagramUITests.m in Sources */,
				7360B59A286A49D000AF9CC8 /* InstagramUITestsLaunchTests.m in Sources */,
			);
			runOnlyForDeploymentPostprocessing = 0;
		};
/* End PBXSourcesBuildPhase section */

/* Begin PBXTargetDependency section */
		7360B58B286A49D000AF9CC8 /* PBXTargetDependency */ = {
			isa = PBXTargetDependency;
			target = 7360B56D286A49CD00AF9CC8 /* Instagram */;
			targetProxy = 7360B58A286A49D000AF9CC8 /* PBXContainerItemProxy */;
		};
		7360B595286A49D000AF9CC8 /* PBXTargetDependency */ = {
			isa = PBXTargetDependency;
			target = 7360B56D286A49CD00AF9CC8 /* Instagram */;
			targetProxy = 7360B594286A49D000AF9CC8 /* PBXContainerItemProxy */;
		};
/* End PBXTargetDependency section */

/* Begin PBXVariantGroup section */
		7360B57A286A49CD00AF9CC8 /* Main.storyboard */ = {
			isa = PBXVariantGroup;
			children = (
				7360B57B286A49CD00AF9CC8 /* Base */,
			);
			name = Main.storyboard;
			sourceTree = "<group>";
		};
		7360B57F286A49CF00AF9CC8 /* LaunchScreen.storyboard */ = {
			isa = PBXVariantGroup;
			children = (
				7360B580286A49CF00AF9CC8 /* Base */,
			);
			name = LaunchScreen.storyboard;
			sourceTree = "<group>";
		};
/* End PBXVariantGroup section */

/* Begin XCBuildConfiguration section */
		7360B59B286A49D000AF9CC8 /* Debug */ = {
			isa = XCBuildConfiguration;
			buildSettings = {
				ALWAYS_SEARCH_USER_PATHS = NO;
				CLANG_ANALYZER_NONNULL = YES;
				CLANG_ANALYZER_NUMBER_OBJECT_CONVERSION = YES_AGGRESSIVE;
				CLANG_CXX_LANGUAGE_STANDARD = "gnu++17";
				CLANG_ENABLE_MODULES = YES;
				CLANG_ENABLE_OBJC_ARC = YES;
				CLANG_ENABLE_OBJC_WEAK = YES;
				CLANG_WARN_BLOCK_CAPTURE_AUTORELEASING = YES;
				CLANG_WARN_BOOL_CONVERSION = YES;
				CLANG_WARN_COMMA = YES;
				CLANG_WARN_CONSTANT_CONVERSION = YES;
				CLANG_WARN_DEPRECATED_OBJC_IMPLEMENTATIONS = YES;
				CLANG_WARN_DIRECT_OBJC_ISA_USAGE = YES_ERROR;
				CLANG_WARN_DOCUMENTATION_COMMENTS = YES;
				CLANG_WARN_EMPTY_BODY = YES;
				CLANG_WARN_ENUM_CONVERSION = YES;
				CLANG_WARN_INFINITE_RECURSION = YES;
				CLANG_WARN_INT_CONVERSION = YES;
				CLANG_WARN_NON_LITERAL_NULL_CONVERSION = YES;
				CLANG_WARN_OBJC_IMPLICIT_RETAIN_SELF = YES;
				CLANG_WARN_OBJC_LITERAL_CONVERSION = YES;
				CLANG_WARN_OBJC_ROOT_CLASS = YES_ERROR;
				CLANG_WARN_QUOTED_INCLUDE_IN_FRAMEWORK_HEADER = YES;
				CLANG_WARN_RANGE_LOOP_ANALYSIS = YES;
				CLANG_WARN_STRICT_PROTOTYPES = YES;
				CLANG_WARN_SUSPICIOUS_MOVE = YES;
				CLANG_WARN_UNGUARDED_AVAILABILITY = YES_AGGRESSIVE;
				CLANG_WARN_UNREACHABLE_CODE = YES;
				CLANG_WARN__DUPLICATE_METHOD_MATCH = YES;
				COPY_PHASE_STRIP = NO;
				DEBUG_INFORMATION_FORMAT = dwarf;
				ENABLE_STRICT_OBJC_MSGSEND = YES;
				ENABLE_TESTABILITY = YES;
				GCC_C_LANGUAGE_STANDARD = gnu11;
				GCC_DYNAMIC_NO_PIC = NO;
				GCC_NO_COMMON_BLOCKS = YES;
				GCC_OPTIMIZATION_LEVEL = 0;
				GCC_PREPROCESSOR_DEFINITIONS = (
					"DEBUG=1",
					"$(inherited)",
				);
				GCC_WARN_64_TO_32_BIT_CONVERSION = YES;
				GCC_WARN_ABOUT_RETURN_TYPE = YES_ERROR;
				GCC_WARN_UNDECLARED_SELECTOR = YES;
				GCC_WARN_UNINITIALIZED_AUTOS = YES_AGGRESSIVE;
				GCC_WARN_UNUSED_FUNCTION = YES;
				GCC_WARN_UNUSED_VARIABLE = YES;
				IPHONEOS_DEPLOYMENT_TARGET = 15.5;
				MTL_ENABLE_DEBUG_INFO = INCLUDE_SOURCE;
				MTL_FAST_MATH = YES;
				ONLY_ACTIVE_ARCH = YES;
				SDKROOT = iphoneos;
			};
			name = Debug;
		};
		7360B59C286A49D000AF9CC8 /* Release */ = {
			isa = XCBuildConfiguration;
			buildSettings = {
				ALWAYS_SEARCH_USER_PATHS = NO;
				CLANG_ANALYZER_NONNULL = YES;
				CLANG_ANALYZER_NUMBER_OBJECT_CONVERSION = YES_AGGRESSIVE;
				CLANG_CXX_LANGUAGE_STANDARD = "gnu++17";
				CLANG_ENABLE_MODULES = YES;
				CLANG_ENABLE_OBJC_ARC = YES;
				CLANG_ENABLE_OBJC_WEAK = YES;
				CLANG_WARN_BLOCK_CAPTURE_AUTORELEASING = YES;
				CLANG_WARN_BOOL_CONVERSION = YES;
				CLANG_WARN_COMMA = YES;
				CLANG_WARN_CONSTANT_CONVERSION = YES;
				CLANG_WARN_DEPRECATED_OBJC_IMPLEMENTATIONS = YES;
				CLANG_WARN_DIRECT_OBJC_ISA_USAGE = YES_ERROR;
				CLANG_WARN_DOCUMENTATION_COMMENTS = YES;
				CLANG_WARN_EMPTY_BODY = YES;
				CLANG_WARN_ENUM_CONVERSION = YES;
				CLANG_WARN_INFINITE_RECURSION = YES;
				CLANG_WARN_INT_CONVERSION = YES;
				CLANG_WARN_NON_LITERAL_NULL_CONVERSION = YES;
				CLANG_WARN_OBJC_IMPLICIT_RETAIN_SELF = YES;
				CLANG_WARN_OBJC_LITERAL_CONVERSION = YES;
				CLANG_WARN_OBJC_ROOT_CLASS = YES_ERROR;
				CLANG_WARN_QUOTED_INCLUDE_IN_FRAMEWORK_HEADER = YES;
				CLANG_WARN_RANGE_LOOP_ANALYSIS = YES;
				CLANG_WARN_STRICT_PROTOTYPES = YES;
				CLANG_WARN_SUSPICIOUS_MOVE = YES;
				CLANG_WARN_UNGUARDED_AVAILABILITY = YES_AGGRESSIVE;
				CLANG_WARN_UNREACHABLE_CODE = YES;
				CLANG_WARN__DUPLICATE_METHOD_MATCH = YES;
				COPY_PHASE_STRIP = NO;
				DEBUG_INFORMATION_FORMAT = "dwarf-with-dsym";
				ENABLE_NS_ASSERTIONS = NO;
				ENABLE_STRICT_OBJC_MSGSEND = YES;
				GCC_C_LANGUAGE_STANDARD = gnu11;
				GCC_NO_COMMON_BLOCKS = YES;
				GCC_WARN_64_TO_32_BIT_CONVERSION = YES;
				GCC_WARN_ABOUT_RETURN_TYPE = YES_ERROR;
				GCC_WARN_UNDECLARED_SELECTOR = YES;
				GCC_WARN_UNINITIALIZED_AUTOS = YES_AGGRESSIVE;
				GCC_WARN_UNUSED_FUNCTION = YES;
				GCC_WARN_UNUSED_VARIABLE = YES;
				IPHONEOS_DEPLOYMENT_TARGET = 15.5;
				MTL_ENABLE_DEBUG_INFO = NO;
				MTL_FAST_MATH = YES;
				SDKROOT = iphoneos;
				VALIDATE_PRODUCT = YES;
			};
			name = Release;
		};
		7360B59E286A49D000AF9CC8 /* Debug */ = {
			isa = XCBuildConfiguration;
			baseConfigurationReference = 805B613BE9BC0460397D26FE /* Pods-Instagram.debug.xcconfig */;
			buildSettings = {
				ASSETCATALOG_COMPILER_APPICON_NAME = AppIcon;
				ASSETCATALOG_COMPILER_GLOBAL_ACCENT_COLOR_NAME = AccentColor;
				CODE_SIGN_STYLE = Automatic;
				CURRENT_PROJECT_VERSION = 1;
				DEVELOPMENT_TEAM = R4DFZ6X7PD;
				GENERATE_INFOPLIST_FILE = YES;
				INFOPLIST_FILE = Instagram/Info.plist;
				INFOPLIST_KEY_UIApplicationSupportsIndirectInputEvents = YES;
				INFOPLIST_KEY_UILaunchStoryboardName = LaunchScreen;
				INFOPLIST_KEY_UIMainStoryboardFile = Main;
				INFOPLIST_KEY_UISupportedInterfaceOrientations_iPad = "UIInterfaceOrientationPortrait UIInterfaceOrientationPortraitUpsideDown UIInterfaceOrientationLandscapeLeft UIInterfaceOrientationLandscapeRight";
				INFOPLIST_KEY_UISupportedInterfaceOrientations_iPhone = "UIInterfaceOrientationPortrait UIInterfaceOrientationLandscapeLeft UIInterfaceOrientationLandscapeRight";
				LD_RUNPATH_SEARCH_PATHS = (
					"$(inherited)",
					"@executable_path/Frameworks",
				);
				MARKETING_VERSION = 1.0;
				PRODUCT_BUNDLE_IDENTIFIER = com.codepath.Instagram;
				PRODUCT_NAME = "$(TARGET_NAME)";
				SWIFT_EMIT_LOC_STRINGS = YES;
				TARGETED_DEVICE_FAMILY = "1,2";
			};
			name = Debug;
		};
		7360B59F286A49D000AF9CC8 /* Release */ = {
			isa = XCBuildConfiguration;
			baseConfigurationReference = 7B019C900B3D0870BF7B43B2 /* Pods-Instagram.release.xcconfig */;
			buildSettings = {
				ASSETCATALOG_COMPILER_APPICON_NAME = AppIcon;
				ASSETCATALOG_COMPILER_GLOBAL_ACCENT_COLOR_NAME = AccentColor;
				CODE_SIGN_STYLE = Automatic;
				CURRENT_PROJECT_VERSION = 1;
				DEVELOPMENT_TEAM = R4DFZ6X7PD;
				GENERATE_INFOPLIST_FILE = YES;
				INFOPLIST_FILE = Instagram/Info.plist;
				INFOPLIST_KEY_UIApplicationSupportsIndirectInputEvents = YES;
				INFOPLIST_KEY_UILaunchStoryboardName = LaunchScreen;
				INFOPLIST_KEY_UIMainStoryboardFile = Main;
				INFOPLIST_KEY_UISupportedInterfaceOrientations_iPad = "UIInterfaceOrientationPortrait UIInterfaceOrientationPortraitUpsideDown UIInterfaceOrientationLandscapeLeft UIInterfaceOrientationLandscapeRight";
				INFOPLIST_KEY_UISupportedInterfaceOrientations_iPhone = "UIInterfaceOrientationPortrait UIInterfaceOrientationLandscapeLeft UIInterfaceOrientationLandscapeRight";
				LD_RUNPATH_SEARCH_PATHS = (
					"$(inherited)",
					"@executable_path/Frameworks",
				);
				MARKETING_VERSION = 1.0;
				PRODUCT_BUNDLE_IDENTIFIER = com.codepath.Instagram;
				PRODUCT_NAME = "$(TARGET_NAME)";
				SWIFT_EMIT_LOC_STRINGS = YES;
				TARGETED_DEVICE_FAMILY = "1,2";
			};
			name = Release;
		};
		7360B5A1286A49D000AF9CC8 /* Debug */ = {
			isa = XCBuildConfiguration;
			baseConfigurationReference = 760E90BC72C158319B85E6F0 /* Pods-InstagramTests.debug.xcconfig */;
			buildSettings = {
				BUNDLE_LOADER = "$(TEST_HOST)";
				CODE_SIGN_STYLE = Automatic;
				CURRENT_PROJECT_VERSION = 1;
				DEVELOPMENT_TEAM = R4DFZ6X7PD;
				GENERATE_INFOPLIST_FILE = YES;
				IPHONEOS_DEPLOYMENT_TARGET = 15.5;
				MARKETING_VERSION = 1.0;
				PRODUCT_BUNDLE_IDENTIFIER = com.codepath.InstagramTests;
				PRODUCT_NAME = "$(TARGET_NAME)";
				SWIFT_EMIT_LOC_STRINGS = NO;
				TARGETED_DEVICE_FAMILY = "1,2";
				TEST_HOST = "$(BUILT_PRODUCTS_DIR)/Instagram.app/Instagram";
			};
			name = Debug;
		};
		7360B5A2286A49D000AF9CC8 /* Release */ = {
			isa = XCBuildConfiguration;
			baseConfigurationReference = FF7B9B0DC95AAA3621ADE936 /* Pods-InstagramTests.release.xcconfig */;
			buildSettings = {
				BUNDLE_LOADER = "$(TEST_HOST)";
				CODE_SIGN_STYLE = Automatic;
				CURRENT_PROJECT_VERSION = 1;
				DEVELOPMENT_TEAM = R4DFZ6X7PD;
				GENERATE_INFOPLIST_FILE = YES;
				IPHONEOS_DEPLOYMENT_TARGET = 15.5;
				MARKETING_VERSION = 1.0;
				PRODUCT_BUNDLE_IDENTIFIER = com.codepath.InstagramTests;
				PRODUCT_NAME = "$(TARGET_NAME)";
				SWIFT_EMIT_LOC_STRINGS = NO;
				TARGETED_DEVICE_FAMILY = "1,2";
				TEST_HOST = "$(BUILT_PRODUCTS_DIR)/Instagram.app/Instagram";
			};
			name = Release;
		};
		7360B5A4286A49D000AF9CC8 /* Debug */ = {
			isa = XCBuildConfiguration;
			baseConfigurationReference = F87F47DF85F3EF63F62CEB42 /* Pods-Instagram-InstagramUITests.debug.xcconfig */;
			buildSettings = {
				CODE_SIGN_STYLE = Automatic;
				CURRENT_PROJECT_VERSION = 1;
				DEVELOPMENT_TEAM = R4DFZ6X7PD;
				GENERATE_INFOPLIST_FILE = YES;
				MARKETING_VERSION = 1.0;
				PRODUCT_BUNDLE_IDENTIFIER = com.codepath.InstagramUITests;
				PRODUCT_NAME = "$(TARGET_NAME)";
				SWIFT_EMIT_LOC_STRINGS = NO;
				TARGETED_DEVICE_FAMILY = "1,2";
				TEST_TARGET_NAME = Instagram;
			};
			name = Debug;
		};
		7360B5A5286A49D000AF9CC8 /* Release */ = {
			isa = XCBuildConfiguration;
			baseConfigurationReference = 9048F903EAB4A9890EB147A4 /* Pods-Instagram-InstagramUITests.release.xcconfig */;
			buildSettings = {
				CODE_SIGN_STYLE = Automatic;
				CURRENT_PROJECT_VERSION = 1;
				DEVELOPMENT_TEAM = R4DFZ6X7PD;
				GENERATE_INFOPLIST_FILE = YES;
				MARKETING_VERSION = 1.0;
				PRODUCT_BUNDLE_IDENTIFIER = com.codepath.InstagramUITests;
				PRODUCT_NAME = "$(TARGET_NAME)";
				SWIFT_EMIT_LOC_STRINGS = NO;
				TARGETED_DEVICE_FAMILY = "1,2";
				TEST_TARGET_NAME = Instagram;
			};
			name = Release;
		};
/* End XCBuildConfiguration section */

/* Begin XCConfigurationList section */
		7360B569286A49CD00AF9CC8 /* Build configuration list for PBXProject "Instagram" */ = {
			isa = XCConfigurationList;
			buildConfigurations = (
				7360B59B286A49D000AF9CC8 /* Debug */,
				7360B59C286A49D000AF9CC8 /* Release */,
			);
			defaultConfigurationIsVisible = 0;
			defaultConfigurationName = Release;
		};
		7360B59D286A49D000AF9CC8 /* Build configuration list for PBXNativeTarget "Instagram" */ = {
			isa = XCConfigurationList;
			buildConfigurations = (
				7360B59E286A49D000AF9CC8 /* Debug */,
				7360B59F286A49D000AF9CC8 /* Release */,
			);
			defaultConfigurationIsVisible = 0;
			defaultConfigurationName = Release;
		};
		7360B5A0286A49D000AF9CC8 /* Build configuration list for PBXNativeTarget "InstagramTests" */ = {
			isa = XCConfigurationList;
			buildConfigurations = (
				7360B5A1286A49D000AF9CC8 /* Debug */,
				7360B5A2286A49D000AF9CC8 /* Release */,
			);
			defaultConfigurationIsVisible = 0;
			defaultConfigurationName = Release;
		};
		7360B5A3286A49D000AF9CC8 /* Build configuration list for PBXNativeTarget "InstagramUITests" */ = {
			isa = XCConfigurationList;
			buildConfigurations = (
				7360B5A4286A49D000AF9CC8 /* Debug */,
				7360B5A5286A49D000AF9CC8 /* Release */,
			);
			defaultConfigurationIsVisible = 0;
			defaultConfigurationName = Release;
		};
/* End XCConfigurationList section */
	};
	rootObject = 7360B566286A49CD00AF9CC8 /* Project object */;
}
